buf.build/gen/go/bufbuild/protovalidate/protocolbuffers/go v1.36.11-20251209175733-2a1774d88802.1 h1:j9yeqTWEFrtimt8Nng2MIeRrpoCvQzM9/g25XTvqUGg=
buf.build/gen/go/bufbuild/protovalidate/protocolbuffers/go v1.36.11-20251209175733-2a1774d88802.1/go.mod h1:tvtbpgaVXZX4g6Pn+AnzFycuRK3MOz5HJfEGeEllXYM=
connectrpc.com/connect v1.19.1 h1:R5M57z05+90EfEvCY1b7hBxDVOUl45PrtXtAV2fOC14=
connectrpc.com/connect v1.19.1/go.mod h1:tN20fjdGlewnSFeZxLKb0xwIZ6ozc3OQs2hTXy4du9w=
connectrpc.com/grpchealth v1.4.0 h1:MJC96JLelARPgZTiRF9KRfY/2N9OcoQvF2EWX07v2IE=
connectrpc.com/grpchealth v1.4.0/go.mod h1:WhW6m1EzTmq3Ky1FE8EfkIpSDc6TfUx2M2KqZO3ts/Q=
connectrpc.com/grpcreflect v1.3.0 h1:Y4V+ACf8/vOb1XOc251Qun7jMB75gCUNw6llvB9csXc=
connectrpc.com/grpcreflect v1.3.0/go.mod h1:nfloOtCS8VUQOQ1+GTdFzVg2CJo4ZGaat8JIovCtDYs=
github.com/aymanbagabas/go-osc52/v2 v2.0.1 h1:HwpRHbFMcZLEVr42D4p7XBqjyuxQH5SMiErDT4WkJ2k=
github.com/aymanbagabas/go-osc52/v2 v2.0.1/go.mod h1:uYgXzlJ7ZpABp8OJ+exZzJJhRNQ2ASbcXHWsFqH8hp8=
github.com/cespare/xxhash/v2 v2.3.0 h1:UL815xU9SqsFlibzuggzjXhog7bL6oX9BbNZnL2UFvs=
github.com/cespare/xxhash/v2 v2.3.0/go.mod h1:VGX0DQ3Q6kWi7AoAeZDth3/j3BFtOZR5XLFGgcrjCOs=
github.com/charmbracelet/colorprofile v0.4.1 h1:a1lO03qTrSIRaK8c3JRxJDZOvhvIeSco3ej+ngLk1kk=
github.com/charmbracelet/colorprofile v0.4.1/go.mod h1:U1d9Dljmdf9DLegaJ0nGZNJvoXAhayhmidOdcBwAvKk=
github.com/charmbracelet/lipgloss v1.1.0 h1:vYXsiLHVkK7fp74RkV7b2kq9+zDLoEU4MZoFqR/noCY=
github.com/charmbracelet/lipgloss v1.1.0/go.mod h1:/6Q8FR2o+kj8rz4Dq0zQc3vYf7X+B0binUUBwA0aL30=
github.com/charmbracelet/log v0.4.2 h1:hYt8Qj6a8yLnvR+h7MwsJv/XvmBJXiueUcI3cIxsyig=
github.com/charmbracelet/log v0.4.2/go.mod h1:qifHGX/tc7eluv2R6pWIpyHDDrrb/AG71Pf2ysQu5nw=
github.com/charmbracelet/x/ansi v0.11.4 h1:6G65PLu6HjmE858CnTUQY1LXT3ZUWwfvqEROLF8vqHI=
github.com/charmbracelet/x/ansi v0.11.4/go.mod h1:/5AZ+UfWExW3int5H5ugnsG/PWjNcSQcwYsHBlPFQN4=
github.com/charmbracelet/x/cellbuf v0.0.14 h1:iUEMryGyFTelKW3THW4+FfPgi4fkmKnnaLOXuc+/Kj4=
github.com/charmbracelet/x/cellbuf v0.0.14/go.mod h1:P447lJl49ywBbil/KjCk2HexGh4tEY9LH0/1QrZZ9rA=
github.com/charmbracelet/x/term v0.2.2 h1:xVRT/S2ZcKdhhOuSP4t5cLi5o+JxklsoEObBSgfgZRk=
github.com/charmbracelet/x/term v0.2.2/go.mod h1:kF8CY5RddLWrsgVwpw4kAa6TESp6EB5y3uxGLeCqzAI=
github.com/clipperhouse/displaywidth v0.9.0 h1:Qb4KOhYwRiN3viMv1v/3cTBlz3AcAZX3+y9OLhMtAtA=
github.com/clipperhouse/displaywidth v0.9.0/go.mod h1:aCAAqTlh4GIVkhQnJpbL0T/WfcrJXHcj8C0yjYcjOZA=
github.com/clipperhouse/stringish v0.1.1 h1:+NSqMOr3GR6k1FdRhhnXrLfztGzuG+VuFDfatpWHKCs=
github.com/clipperhouse/stringish v0.1.1/go.mod h1:v/WhFtE1q0ovMta2+m+UbpZ+2/HEXNWYXQgCt4hdOzA=
github.com/clipperhouse/uax29/v2 v2.5.0 h1:x7T0T4eTHDONxFJsL94uKNKPHrclyFI0lm7+w94cO8U=
github.com/clipperhouse/uax29/v2 v2.5.0/go.mod h1:Wn1g7MK6OoeDT0vL+Q0SQLDz/KpfsVRgg6W7ihQeh4g=
github.com/davecgh/go-spew v1.1.0/go.mod h1:J7Y8YcW2NihsgmVo/mv3lAwl/skON4iLHjSsI+c5H38=
github.com/davecgh/go-spew v1.1.1 h1:vj9j/u1bqnvCEfJOwUhtlOARqs3+rkHYY13jYWTU97c=
github.com/davecgh/go-spew v1.1.1/go.mod h1:J7Y8YcW2NihsgmVo/mv3lAwl/skON4iLHjSsI+c5H38=
github.com/decred/dcrd/dcrec/secp256k1/v4 v4.4.0 h1:NMZiJj8QnKe1LgsbDayM4UoHwbvwDRwnI3hwNaAHRnc=
github.com/decred/dcrd/dcrec/secp256k1/v4 v4.4.0/go.mod h1:ZXNYxsqcloTdSy/rNShjYzMhyjf0LaoftYK0p+A3h40=
github.com/dustin/go-humanize v1.0.1 h1:GzkhY7T5VNhEkwH0PVJgjz+fX1rhBrR7pRT3mDkpeCY=
github.com/dustin/go-humanize v1.0.1/go.mod h1:Mu1zIs6XwVuF/gI1OepvI0qD18qycQx+mFykh5fBlto=
github.com/go-logfmt/logfmt v0.6.1 h1:4hvbpePJKnIzH1B+8OR/JPbTx37NktoI9LE2QZBBkvE=
github.com/go-logfmt/logfmt v0.6.1/go.mod h1:EV2pOAQoZaT1ZXZbqDl5hrymndi4SY9ED9/z6CO0XAk=
github.com/go-logr/logr v1.4.3 h1:CjnDlHq8ikf6E492q6eKboGOC0T8CDaOvkHCIg8idEI=
github.com/go-logr/logr v1.4.3/go.mod h1:9T104GzyrTigFIr8wt5mBrctHMim0Nb2HLGrmQ40KvY=
github.com/go-logr/stdr v1.2.2 h1:hSWxHoqTgW2S2qGc0LTAI563KZ5YKYRhT3MFKZMbjag=
github.com/go-logr/stdr v1.2.2/go.mod h1:mMo/vtBO5dYbehREoey6XUKy/eSumjCCveDpRre4VKE=
github.com/goccy/go-json v0.10.5 h1:Fq85nIqj+gXn/S5ahsiTlK3TmC85qgirsdTP/+DeaC4=
github.com/goccy/go-json v0.10.5/go.mod h1:oq7eo15ShAhp70Anwd5lgX2pLfOS3QCiwU/PULtXL6M=
github.com/golang/protobuf v1.5.4 h1:i7eJL8qZTpSEXOPTxNKhASYpMn+8e5Q6AdndVa1dWek=
github.com/golang/protobuf v1.5.4/go.mod h1:lnTiLA8Wa4RWRcIUkrtSVa5nRhsEGBg48fD6rSs7xps=
github.com/google/go-cmp v0.7.0 h1:wk8382ETsv4JYUZwIsn6YpYiWiBsYLSJiTsyBybVuN8=
github.com/google/go-cmp v0.7.0/go.mod h1:pXiqmnSA92OHEEa9HXL2W4E7lf9JzCmGVUdgjX3N/iU=
github.com/google/uuid v1.6.0 h1:NIvaJDMOsjHA8n1jAhLSgzrAzy1Hgr+hNrb57e+94F0=
github.com/google/uuid v1.6.0/go.mod h1:TIyPZe4MgqvfeYDBFedMoGGpEw/LqOeaOT+nhxU+yHo=
github.com/jackc/pgpassfile v1.0.0 h1:/6Hmqy13Ss2zCq62VdNG8tM1wchn8zjSGOBJ6icpsIM=
github.com/jackc/pgpassfile v1.0.0/go.mod h1:CEx0iS5ambNFdcRtxPj5JhEz+xB6uRky5eyVu/W2HEg=
github.com/jackc/pgservicefile v0.0.0-20240606120523-5a60cdf6a761 h1:iCEnooe7UlwOQYpKFhBabPMi4aNAfoODPEFNiAnClxo=
github.com/jackc/pgservicefile v0.0.0-20240606120523-5a60cdf6a761/go.mod h1:5TJZWKEWniPve33vlWYSoGYefn3gLQRzjfDlhSJ9ZKM=
github.com/jackc/pgx/v5 v5.8.0 h1:TYPDoleBBme0xGSAX3/+NujXXtpZn9HBONkQC7IEZSo=
github.com/jackc/pgx/v5 v5.8.0/go.mod h1:QVeDInX2m9VyzvNeiCJVjCkNFqzsNb43204HshNSZKw=
github.com/jackc/puddle/v2 v2.2.2 h1:PR8nw+E/1w0GLuRFSmiioY6UooMp6KJv0/61nB7icHo=
github.com/jackc/puddle/v2 v2.2.2/go.mod h1:vriiEXHvEE654aYKXXjOvZM39qJ0q+azkZFrfEOc3H4=
github.com/lestrrat-go/blackmagic v1.0.4 h1:IwQibdnf8l2KoO+qC3uT4OaTWsW7tuRQXy9TRN9QanA=
github.com/lestrrat-go/blackmagic v1.0.4/go.mod h1:6AWFyKNNj0zEXQYfTMPfZrAXUWUfTIZ5ECEUEJaijtw=
github.com/lestrrat-go/dsig v1.0.0 h1:OE09s2r9Z81kxzJYRn07TFM9XA4akrUdoMwr0L8xj38=
github.com/lestrrat-go/dsig v1.0.0/go.mod h1:dEgoOYYEJvW6XGbLasr8TFcAxoWrKlbQvmJgCR0qkDo=
github.com/lestrrat-go/dsig-secp256k1 v1.0.0 h1:JpDe4Aybfl0soBvoVwjqDbp+9S1Y2OM7gcrVVMFPOzY=
github.com/lestrrat-go/dsig-secp256k1 v1.0.0/go.mod h1:CxUgAhssb8FToqbL8NjSPoGQlnO4w3LG1P0qPWQm/NU=
github.com/lestrrat-go/httpcc v1.0.1 h1:ydWCStUeJLkpYyjLDHihupbn2tYmZ7m22BGkcvZZrIE=
github.com/lestrrat-go/httpcc v1.0.1/go.mod h1:qiltp3Mt56+55GPVCbTdM9MlqhvzyuL6W/NMDA8vA5E=
github.com/lestrrat-go/httprc/v3 v3.0.3 h1:WjLHWkDkgWXeIUrKi/7lS/sGq2DjkSAwdTbH5RHXAKs=
github.com/lestrrat-go/httprc/v3 v3.0.3/go.mod h1:mSMtkZW92Z98M5YoNNztbRGxbXHql7tSitCvaxvo9l0=
github.com/lestrrat-go/jwx/v3 v3.0.13 h1:AdHKiPIYeCSnOJtvdpipPg/0SuFh9rdkN+HF3O0VdSk=
github.com/lestrrat-go/jwx/v3 v3.0.13/go.mod h1:2m0PV1A9tM4b/jVLMx8rh6rBl7F6WGb3EG2hufN9OQU=
github.com/lestrrat-go/option/v2 v2.0.0 h1:XxrcaJESE1fokHy3FpaQ/cXW8ZsIdWcdFzzLOcID3Ss=
github.com/lestrrat-go/option/v2 v2.0.0/go.mod h1:oSySsmzMoR0iRzCDCaUfsCzxQHUEuhOViQObyy7S6Vg=
github.com/lucasb-eyer/go-colorful v1.3.0 h1:2/yBRLdWBZKrf7gB40FoiKfAWYQ0lqNcbuQwVHXptag=
github.com/lucasb-eyer/go-colorful v1.3.0/go.mod h1:R4dSotOR9KMtayYi1e77YzuveK+i7ruzyGqttikkLy0=
github.com/mattn/go-isatty v0.0.20 h1:xfD0iDuEKnDkl03q4limB+vH+GxLEtL/jb4xVJSWWEY=
github.com/mattn/go-isatty v0.0.20/go.mod h1:W+V8PltTTMOvKvAeJH7IuucS94S2C6jfK/D7dTCTo3Y=
github.com/mattn/go-runewidth v0.0.19 h1:v++JhqYnZuu5jSKrk9RbgF5v4CGUjqRfBm05byFGLdw=
github.com/mattn/go-runewidth v0.0.19/go.mod h1:XBkDxAl56ILZc9knddidhrOlY5R/pDhgLpndooCuJAs=
github.com/mfridman/interpolate v0.0.2 h1:pnuTK7MQIxxFz1Gr+rjSIx9u7qVjf5VOoM/u6BbAxPY=
github.com/mfridman/interpolate v0.0.2/go.mod h1:p+7uk6oE07mpE/Ik1b8EckO0O4ZXiGAfshKBWLUM9Xg=
github.com/muesli/termenv v0.16.0 h1:S5AlUN9dENB57rsbnkPyfdGuWIlkmzJjbFf0Tf5FWUc=
github.com/muesli/termenv v0.16.0/go.mod h1:ZRfOIKPFDYQoDFF4Olj7/QJbW60Ol/kL1pU3VfY/Cnk=
github.com/ncruces/go-strftime v0.1.9 h1:bY0MQC28UADQmHmaF5dgpLmImcShSi2kHU9XLdhx/f4=
github.com/ncruces/go-strftime v0.1.9/go.mod h1:Fwc5htZGVVkseilnfgOVb9mKy6w1naJmn9CehxcKcls=
github.com/pmezard/go-difflib v1.0.0 h1:4DBwDE0NGyQoBHbLQYPwSUPoCMWR5BEzIk/f1lZbAQM=
github.com/pmezard/go-difflib v1.0.0/go.mod h1:iKH77koFhYxTK1pcRnkKkqfTogsbg7gZNVY4sRDYZ/4=
github.com/pressly/goose/v3 v3.26.0 h1:KJakav68jdH0WDvoAcj8+n61WqOIaPGgH0bJWS6jpmM=
github.com/pressly/goose/v3 v3.26.0/go.mod h1:4hC1KrritdCxtuFsqgs1R4AU5bWtTAf+cnWvfhf2DNY=
github.com/remyoudompheng/bigfft v0.0.0-20230129092748-24d4a6f8daec h1:W09IVJc94icq4NjY3clb7Lk8O1qJ8BdBEF8z0ibU0rE=
github.com/remyoudompheng/bigfft v0.0.0-20230129092748-24d4a6f8daec/go.mod h1:qqbHyh8v60DhA7CoWK5oRCqLrMHRGoxYCSS9EjAz6Eo=
github.com/rivo/uniseg v0.4.7 h1:WUdvkW8uEhrYfLC4ZzdpI2ztxP1I582+49Oc5Mq64VQ=
github.com/rivo/uniseg v0.4.7/go.mod h1:FN3SvrM+Zdj16jyLfmOkMNblXMcoc8DfTHruCPUcx88=
github.com/rs/cors v1.11.1 h1:eU3gRzXLRK57F5rKMGMZURNdIG4EoAmX8k94r9wXWHA=
github.com/rs/cors v1.11.1/go.mod h1:XyqrcTp5zjWr1wsJ8PIRZssZ8b/WMcMf71DJnit4EMU=
github.com/segmentio/asm v1.2.1 h1:DTNbBqs57ioxAD4PrArqftgypG4/qNpXoJx8TVXxPR0=
github.com/segmentio/asm v1.2.1/go.mod h1:BqMnlJP91P8d+4ibuonYZw9mfnzI9HfxselHZr5aAcs=
github.com/sethvargo/go-retry v0.3.0 h1:EEt31A35QhrcRZtrYFDTBg91cqZVnFL2navjDrah2SE=
github.com/sethvargo/go-retry v0.3.0/go.mod h1:mNX17F0C/HguQMyMyJxcnU471gOZGxCLyYaFyAZraas=
github.com/stretchr/objx v0.1.0/go.mod h1:HFkY916IF+rwdDfMAkV7OtwuqBVzrE8GR6GFx+wExME=
github.com/stretchr/testify v1.3.0/go.mod h1:M5WIy9Dh21IEIfnGCwXGc5bZfKNJtfHm1UVUgZn+9EI=
github.com/stretchr/testify v1.7.0/go.mod h1:6Fq8oRcR53rry900zMqJjRRixrwX3KX962/h/Wwjteg=
github.com/stretchr/testify v1.7.1/go.mod h1:6Fq8oRcR53rry900zMqJjRRixrwX3KX962/h/Wwjteg=
github.com/stretchr/testify v1.11.1 h1:7s2iGBzp5EwR7/aIZr8ao5+dra3wiQyKjjFuvgVKu7U=
github.com/stretchr/testify v1.11.1/go.mod h1:wZwfW3scLgRK+23gO65QZefKpKQRnfz6sD981Nm4B6U=
github.com/valyala/fastjson v1.6.7 h1:ZE4tRy0CIkh+qDc5McjatheGX2czdn8slQjomexVpBM=
github.com/valyala/fastjson v1.6.7/go.mod h1:CLCAqky6SMuOcxStkYQvblddUtoRxhYMGLrsQns1aXY=
github.com/xo/terminfo v0.0.0-20220910002029-abceb7e1c41e h1:JVG44RsyaB9T2KIHavMF/ppJZNG9ZpyihvCd0w101no=
github.com/xo/terminfo v0.0.0-20220910002029-abceb7e1c41e/go.mod h1:RbqR21r5mrJuqunuUZ/Dhy/avygyECGrLceyNeo4LiM=
go.opentelemetry.io/auto/sdk v1.2.1 h1:jXsnJ4Lmnqd11kwkBV2LgLoFMZKizbCi5fNZ/ipaZ64=
go.opentelemetry.io/auto/sdk v1.2.1/go.mod h1:KRTj+aOaElaLi+wW1kO/DZRXwkF4C5xPbEe3ZiIhN7Y=
go.opentelemetry.io/otel v1.39.0 h1:8yPrr/S0ND9QEfTfdP9V+SiwT4E0G7Y5MO7p85nis48=
go.opentelemetry.io/otel v1.39.0/go.mod h1:kLlFTywNWrFyEdH0oj2xK0bFYZtHRYUdv1NklR/tgc8=
go.opentelemetry.io/otel/metric v1.39.0 h1:d1UzonvEZriVfpNKEVmHXbdf909uGTOQjA0HF0Ls5Q0=
go.opentelemetry.io/otel/metric v1.39.0/go.mod h1:jrZSWL33sD7bBxg1xjrqyDjnuzTUB0x1nBERXd7Ftcs=
go.opentelemetry.io/otel/sdk v1.39.0 h1:nMLYcjVsvdui1B/4FRkwjzoRVsMK8uL/cj0OyhKzt18=
go.opentelemetry.io/otel/sdk v1.39.0/go.mod h1:vDojkC4/jsTJsE+kh+LXYQlbL8CgrEcwmt1ENZszdJE=
go.opentelemetry.io/otel/sdk/metric v1.39.0 h1:cXMVVFVgsIf2YL6QkRF4Urbr/aMInf+2WKg+sEJTtB8=
go.opentelemetry.io/otel/sdk/metric v1.39.0/go.mod h1:xq9HEVH7qeX69/JnwEfp6fVq5wosJsY1mt4lLfYdVew=
go.opentelemetry.io/otel/trace v1.39.0 h1:2d2vfpEDmCJ5zVYz7ijaJdOF59xLomrvj7bjt6/qCJI=
go.opentelemetry.io/otel/trace v1.39.0/go.mod h1:88w4/PnZSazkGzz/w84VHpQafiU4EtqqlVdxWy+rNOA=
go.uber.org/multierr v1.11.0 h1:blXXJkSxSSfBVBlC76pxqeO+LN3aDfLQo+309xJstO0=
go.uber.org/multierr v1.11.0/go.mod h1:20+QtiLqy0Nd6FdQB9TLXag12DsQkrbs3htMFfDN80Y=
golang.org/x/crypto v0.47.0 h1:V6e3FRj+n4dbpw86FJ8Fv7XVOql7TEwpHapKoMJ/GO8=
golang.org/x/crypto v0.47.0/go.mod h1:ff3Y9VzzKbwSSEzWqJsJVBnWmRwRSHt/6Op5n9bQc4A=
golang.org/x/exp v0.0.0-20260112195511-716be5621a96 h1:Z/6YuSHTLOHfNFdb8zVZomZr7cqNgTJvA8+Qz75D8gU=
golang.org/x/exp v0.0.0-20260112195511-716be5621a96/go.mod h1:nzimsREAkjBCIEFtHiYkrJyT+2uy9YZJB7H1k68CXZU=
golang.org/x/image v0.35.0 h1:LKjiHdgMtO8z7Fh18nGY6KDcoEtVfsgLDPeLyguqb7I=
golang.org/x/image v0.35.0/go.mod h1:MwPLTVgvxSASsxdLzKrl8BRFuyqMyGhLwmC+TO1Sybk=
golang.org/x/net v0.49.0 h1:eeHFmOGUTtaaPSGNmjBKpbng9MulQsJURQUAfUwY++o=
golang.org/x/net v0.49.0/go.mod h1:/ysNB2EvaqvesRkuLAyjI1ycPZlQHM3q01F02UY/MV8=
golang.org/x/sync v0.19.0 h1:vV+1eWNmZ5geRlYjzm2adRgW2/mcpevXNg50YZtPCE4=
golang.org/x/sync v0.19.0/go.mod h1:9KTHXmSnoGruLpwFjVSX0lNNA75CykiMECbovNTZqGI=
golang.org/x/sys v0.6.0/go.mod h1:oPkhp1MJrh7nUepCBck5+mAzfO9JrbApNNgaTdGDITg=
golang.org/x/sys v0.40.0 h1:DBZZqJ2Rkml6QMQsZywtnjnnGvHza6BTfYFWY9kjEWQ=
golang.org/x/sys v0.40.0/go.mod h1:OgkHotnGiDImocRcuBABYBEXf8A9a87e/uXjp9XT3ks=
golang.org/x/text v0.33.0 h1:B3njUFyqtHDUI5jMn1YIr5B0IE2U0qck04r6d4KPAxE=
golang.org/x/text v0.33.0/go.mod h1:LuMebE6+rBincTi9+xWTY8TztLzKHc/9C1uBCG27+q8=
gonum.org/v1/gonum v0.16.0 h1:5+ul4Swaf3ESvrOnidPp4GZbzf0mxVQpDCYUQE7OJfk=
gonum.org/v1/gonum v0.16.0/go.mod h1:fef3am4MQ93R2HHpKnLk4/Tbh/s0+wqD5nfa6Pnwy4E=
google.golang.org/genproto v0.0.0-20260202165425-ce8ad4cf556b h1:mJ7ODqDXbGE8alZwxCKWc9OTvpFQkXB6KRHvjnb9W8Q=
google.golang.org/genproto v0.0.0-20260202165425-ce8ad4cf556b/go.mod h1:Tt+08/KdKEt3l8x3Pby3HLQxMB3uk/MzaQ4ZIv0ORTs=
google.golang.org/genproto/googleapis/rpc v0.0.0-20260202165425-ce8ad4cf556b h1:GZxXGdFaHX27ZSMHudWc4FokdD+xl8BC2UJm1OVIEzs=
google.golang.org/genproto/googleapis/rpc v0.0.0-20260202165425-ce8ad4cf556b/go.mod h1:j9x/tPzZkyxcgEFkiKEEGxfvyumM01BEtsW8xzOahRQ=
google.golang.org/grpc v1.79.3 h1:sybAEdRIEtvcD68Gx7dmnwjZKlyfuc61Dyo9pGXXkKE=
google.golang.org/grpc v1.79.3/go.mod h1:KmT0Kjez+0dde/v2j9vzwoAScgEPx/Bw1CYChhHLrHQ=
google.golang.org/protobuf v1.36.11 h1:fV6ZwhNocDyBLK0dj+fg8ektcVegBBuEolpbTQyBNVE=
google.golang.org/protobuf v1.36.11/go.mod h1:HTf+CrKn2C3g5S8VImy6tdcUvCska2kB7j23XfzDpco=
gopkg.in/check.v1 v0.0.0-20161208181325-20d25e280405/go.mod h1:Co6ibVJAznAaIkqp8huTwlJQCZ016jof/cbN4VW5Yz0=
gopkg.in/yaml.v3 v3.0.0-20200313102051-9f266ea9e77c/go.mod h1:K4uyk7z7BCEPqu6E+C64Yfv1cQ7kz7rIZviUmN+EgEM=
gopkg.in/yaml.v3 v3.0.1 h1:fxVm/GzAzEWqLHuvctI91KS9hhNmmWOoWu0XTYJS7CA=
gopkg.in/yaml.v3 v3.0.1/go.mod h1:K4uyk7z7BCEPqu6E+C64Yfv1cQ7kz7rIZviUmN+EgEM=
modernc.org/libc v1.66.3 h1:cfCbjTUcdsKyyZZfEUKfoHcP3S0Wkvz3jgSzByEWVCQ=
modernc.org/libc v1.66.3/go.mod h1:XD9zO8kt59cANKvHPXpx7yS2ELPheAey0vjIuZOhOU8=
modernc.org/mathutil v1.7.1 h1:GCZVGXdaN8gTqB1Mf/usp1Y/hSqgI2vAGGP4jZMCxOU=
modernc.org/mathutil v1.7.1/go.mod h1:4p5IwJITfppl0G4sUEDtCr4DthTaT47/N3aT6MhfgJg=
modernc.org/memory v1.11.0 h1:o4QC8aMQzmcwCK3t3Ux/ZHmwFPzE6hf2Y5LbkRs+hbI=
modernc.org/memory v1.11.0/go.mod h1:/JP4VbVC+K5sU2wZi9bHoq2MAkCnrt2r98UGeSK7Mjw=
modernc.org/sqlite v1.38.2 h1:Aclu7+tgjgcQVShZqim41Bbw9Cho0y/7WzYptXqkEek=
modernc.org/sqlite v1.38.2/go.mod h1:cPTJYSlgg3Sfg046yBShXENNtPrWrDX8bsbAQBzgQ5E=
